
Microsoft Visual Studio Solution File, Format Version 12.00
# Visual Studio Version 17
VisualStudioVersion = 17.3.32519.111
MinimumVisualStudioVersion = 10.0.40219.1
Project("{FAE04EC0-301F-11D3-BF4B-00C04F79EFBC}") = "Blog", "Blog\Blog.csproj", "{71E1FC45-B33B-47B7-8BE8-EA4D0F59763B}"
EndProject
Project("{FAE04EC0-301F-11D3-BF4B-00C04F79EFBC}") = "Models", "Models\Models.csproj", "{1579A8A9-BA61-4348-9F02-7541AF939994}"
EndProject
Project("{2150E333-8FDC-42A3-9474-1A3956D46DE8}") = "Solution Items", "Solution Items", "{4D51874D-3E65-4250-A329-0456FBF730BF}"
	ProjectSection(SolutionItems) = preProject
		.editorconfig = .editorconfig
		global.json = global.json
		Directory.Build.props = Directory.Build.props
		README.md = README.md
	EndProjectSection
EndProject
Global
	GlobalSection(SolutionConfigurationPlatforms) = preSolution
		Debug|Any CPU = Debug|Any CPU
		Release|Any CPU = Release|Any CPU
	EndGlobalSection
	GlobalSection(ProjectConfigurationPlatforms) = postSolution
		{71E1FC45-B33B-47B7-8BE8-EA4D0F59763B}.Debug|Any CPU.ActiveCfg = Debug|Any CPU
		{71E1FC45-B33B-47B7-8BE8-EA4D0F59763B}.Debug|Any CPU.Build.0 = Debug|Any CPU
		{71E1FC45-B33B-47B7-8BE8-EA4D0F59763B}.Release|Any CPU.ActiveCfg = Release|Any CPU
		{71E1FC45-B33B-47B7-8BE8-EA4D0F59763B}.Release|Any CPU.Build.0 = Release|Any CPU
		{1579A8A9-BA61-4348-9F02-7541AF939994}.Debug|Any CPU.ActiveCfg = Debug|Any CPU
		{1579A8A9-BA61-4348-9F02-7541AF939994}.Debug|Any CPU.Build.0 = Debug|Any CPU
		{1579A8A9-BA61-4348-9F02-7541AF939994}.Release|Any CPU.ActiveCfg = Release|Any CPU
		{1579A8A9-BA61-4348-9F02-7541AF939994}.Release|Any CPU.Build.0 = Release|Any CPU
	EndGlobalSection
	GlobalSection(SolutionProperties) = preSolution
		HideSolutionNode = FALSE
	EndGlobalSection
	GlobalSection(ExtensibilityGlobals) = postSolution
		SolutionGuid = {5CE05B67-9A7B-441F-A6D1-A2AF115A53A5}
	EndGlobalSection
EndGlobal
